<?xml version="1.0" encoding="utf-8"?>
<Project ToolsVersion="4.0" xmlns="http://schemas.microsoft.com/developer/msbuild/2003">
  <ItemGroup>
    <Filter Include="Source Files">
      <UniqueIdentifier>{4FC737F1-C7A5-4376-A066-2A32D752A2FF}</UniqueIdentifier>
      <Extensions>cpp;c;cc;cxx;c++;cppm;ixx;def;odl;idl;hpj;bat;asm;asmx</Extensions>
    </Filter>
    <Filter Include="Header Files">
      <UniqueIdentifier>{93995380-89BD-4b04-88EB-625FBE52EBFB}</UniqueIdentifier>
      <Extensions>h;hh;hpp;hxx;h++;hm;inl;inc;ipp;xsd</Extensions>
    </Filter>
    <Filter Include="Resource Files">
      <UniqueIdentifier>{67DA6AB6-F800-4c08-8B7A-83BB121AAD01}</UniqueIdentifier>
      <Extensions>rc;ico;cur;bmp;dlg;rc2;rct;bin;rgs;gif;jpg;jpeg;jpe;resx;tiff;tif;png;wav;mfcribbon-ms</Extensions>
    </Filter>
    <Filter Include="Header Files\Framework">
      <UniqueIdentifier>{674a42fc-e295-4821-86d7-bbcf9bc7062d}</UniqueIdentifier>
    </Filter>
    <Filter Include="Source Files\Framework">
      <UniqueIdentifier>{009630e2-720a-4134-aa98-4dd1a0576921}</UniqueIdentifier>
    </Filter>
    <Filter Include="Header Files\Scene">
      <UniqueIdentifier>{004f1d89-d5f3-4dd3-8382-022043302ad0}</UniqueIdentifier>
    </Filter>
    <Filter Include="Source Files\Scene">
      <UniqueIdentifier>{d09a50a5-daeb-48a1-b344-02635195a409}</UniqueIdentifier>
    </Filter>
    <Filter Include="Header Files\Item">
      <UniqueIdentifier>{21687f81-a5b9-42ab-8415-8778d56758af}</UniqueIdentifier>
    </Filter>
    <Filter Include="Source Files\Item">
      <UniqueIdentifier>{1ed0c31c-97ec-4bb9-a93d-0a539687e949}</UniqueIdentifier>
    </Filter>
    <Filter Include="Header Files\Monster">
      <UniqueIdentifier>{aa1f3113-98bb-48c5-b49f-53494a791a82}</UniqueIdentifier>
    </Filter>
    <Filter Include="Source Files\Monster">
      <UniqueIdentifier>{6dec7aba-07c0-498d-a650-b3f75e9374ed}</UniqueIdentifier>
    </Filter>
    <Filter Include="Header Files\Character">
      <UniqueIdentifier>{7158049a-b64d-4cf4-883c-b2d674024246}</UniqueIdentifier>
    </Filter>
    <Filter Include="Source Files\Character">
      <UniqueIdentifier>{8c0c66fa-0005-46aa-8e67-2bb3a4b18cc6}</UniqueIdentifier>
    </Filter>
    <Filter Include="Source Files\Block">
      <UniqueIdentifier>{3608b589-e772-41a7-8b7e-32b7a0369a75}</UniqueIdentifier>
    </Filter>
    <Filter Include="Header Files\Block">
      <UniqueIdentifier>{3b9e68cc-119d-472e-bbdd-fc08cd7da1cc}</UniqueIdentifier>
    </Filter>
    <Filter Include="Header Files\Effect">
      <UniqueIdentifier>{3e26247e-7977-4594-9625-98c921c652e3}</UniqueIdentifier>
    </Filter>
    <Filter Include="Source Files\Effect">
      <UniqueIdentifier>{f16b6b55-087a-4418-8edf-f62f5f186f91}</UniqueIdentifier>
    </Filter>
    <Filter Include="Header Files\Character\State">
      <UniqueIdentifier>{ec70781b-e1fe-4197-ab71-6959c83a4039}</UniqueIdentifier>
    </Filter>
    <Filter Include="Source Files\Character\State">
      <UniqueIdentifier>{1b655a2b-060d-4263-a6c8-42b4de882cbb}</UniqueIdentifier>
    </Filter>
  </ItemGroup>
  <ItemGroup>
    <None Include="packages.config" />
  </ItemGroup>
  <ItemGroup>
    <ClCompile Include="GameUtils.cpp">
      <Filter>Source Files\Framework</Filter>
    </ClCompile>
    <ClCompile Include="BoundBox.cpp">
      <Filter>Source Files\Framework</Filter>
    </ClCompile>
    <ClCompile Include="GameObject.cpp">
      <Filter>Source Files\Framework</Filter>
    </ClCompile>
    <ClCompile Include="Entity.cpp">
      <Filter>Source Files\Framework</Filter>
    </ClCompile>
    <ClCompile Include="Grid.cpp">
      <Filter>Source Files\Framework</Filter>
    </ClCompile>
    <ClCompile Include="Camera.cpp">
      <Filter>Source Files\Framework</Filter>
    </ClCompile>
    <ClCompile Include="Sprite.cpp">
      <Filter>Source Files\Framework</Filter>
    </ClCompile>
    <ClCompile Include="Device.cpp">
      <Filter>Source Files\Framework</Filter>
    </ClCompile>
    <ClCompile Include="Game.cpp">
      <Filter>Source Files\Framework</Filter>
    </ClCompile>
    <ClCompile Include="Pipeline.cpp">
      <Filter>Source Files\Framework</Filter>
    </ClCompile>
    <ClCompile Include="SceneManager.cpp">
      <Filter>Source Files\Framework</Filter>
    </ClCompile>
    <ClCompile Include="main.cpp">
      <Filter>Source Files</Filter>
    </ClCompile>
    <ClCompile Include="AnimatedSprite.cpp">
      <Filter>Source Files\Framework</Filter>
    </ClCompile>
    <ClCompile Include="Tile.cpp">
      <Filter>Source Files\Framework</Filter>
    </ClCompile>
    <ClCompile Include="Background.cpp">
      <Filter>Source Files\Framework</Filter>
    </ClCompile>
    <ClCompile Include="Scene.cpp">
      <Filter>Source Files\Scene</Filter>
    </ClCompile>
    <ClCompile Include="Coin.cpp">
      <Filter>Source Files\Item</Filter>
    </ClCompile>
    <ClCompile Include="Flower.cpp">
      <Filter>Source Files\Item</Filter>
    </ClCompile>
    <ClCompile Include="BonusItem.cpp">
      <Filter>Source Files\Item</Filter>
    </ClCompile>
    <ClCompile Include="Leaf.cpp">
      <Filter>Source Files\Item</Filter>
    </ClCompile>
    <ClCompile Include="Mushroom.cpp">
      <Filter>Source Files\Item</Filter>
    </ClCompile>
    <ClCompile Include="Orb.cpp">
      <Filter>Source Files\Item</Filter>
    </ClCompile>
    <ClCompile Include="Star.cpp">
      <Filter>Source Files\Item</Filter>
    </ClCompile>
    <ClCompile Include="Fireball.cpp">
      <Filter>Source Files</Filter>
    </ClCompile>
    <ClCompile Include="Goomba.cpp">
      <Filter>Source Files\Monster</Filter>
    </ClCompile>
    <ClCompile Include="QuestionBlock.cpp">
      <Filter>Source Files\Block</Filter>
    </ClCompile>
    <ClCompile Include="ShinyBrick.cpp">
      <Filter>Source Files\Block</Filter>
    </ClCompile>
    <ClCompile Include="BrickDebris.cpp">
      <Filter>Source Files\Effect</Filter>
    </ClCompile>
    <ClCompile Include="PBlock.cpp">
      <Filter>Source Files\Block</Filter>
    </ClCompile>
    <ClCompile Include="OrbEffect.cpp">
      <Filter>Source Files\Effect</Filter>
    </ClCompile>
    <ClCompile Include="Paragoomba.cpp">
      <Filter>Source Files\Monster</Filter>
    </ClCompile>
    <ClCompile Include="Koopa.cpp">
      <Filter>Source Files\Monster</Filter>
    </ClCompile>
    <ClCompile Include="Parakoopa.cpp">
      <Filter>Source Files\Monster</Filter>
    </ClCompile>
    <ClCompile Include="PiranaPlant.cpp">
      <Filter>Source Files\Monster</Filter>
    </ClCompile>
    <ClCompile Include="VenusPlant.cpp">
      <Filter>Source Files\Monster</Filter>
    </ClCompile>
    <ClCompile Include="Tail.cpp">
      <Filter>Source Files\Character</Filter>
    </ClCompile>
    <ClCompile Include="Portal.cpp">
      <Filter>Source Files\Block</Filter>
    </ClCompile>
    <ClCompile Include="Trigger.cpp">
      <Filter>Source Files\Block</Filter>
    </ClCompile>
    <ClCompile Include="MaskTile.cpp">
      <Filter>Source Files\Block</Filter>
    </ClCompile>
    <ClCompile Include="Player.cpp">
      <Filter>Source Files\Character</Filter>
    </ClCompile>
    <ClCompile Include="PlayerState.cpp">
      <Filter>Source Files\Character\State</Filter>
    </ClCompile>
    <ClCompile Include="IdleState.cpp">
      <Filter>Source Files\Character\State</Filter>
    </ClCompile>
    <ClCompile Include="MapState.cpp">
      <Filter>Source Files\Character\State</Filter>
    </ClCompile>
    <ClCompile Include="RunState.cpp">
      <Filter>Source Files\Character\State</Filter>
    </ClCompile>
    <ClCompile Include="JumpState.cpp">
      <Filter>Source Files\Character\State</Filter>
    </ClCompile>
    <ClCompile Include="FallState.cpp">
      <Filter>Source Files\Character\State</Filter>
    </ClCompile>
    <ClCompile Include="CrouchState.cpp">
      <Filter>Source Files\Character\State</Filter>
    </ClCompile>
    <ClCompile Include="ThrowState.cpp">
      <Filter>Source Files\Character\State</Filter>
    </ClCompile>
    <ClCompile Include="WagState.cpp">
      <Filter>Source Files\Character\State</Filter>
    </ClCompile>
    <ClCompile Include="ScenePlay.cpp">
      <Filter>Source Files\Scene</Filter>
    </ClCompile>
    <ClCompile Include="HUD.cpp">
      <Filter>Source Files\Character</Filter>
    </ClCompile>
    <ClCompile Include="ScorePopUp.cpp">
      <Filter>Source Files\Character\State</Filter>
    </ClCompile>
  </ItemGroup>
  <ItemGroup>
    <ClInclude Include="GameUtils.h">
      <Filter>Header Files\Framework</Filter>
    </ClInclude>
    <ClInclude Include="BoundBox.h">
      <Filter>Header Files\Framework</Filter>
    </ClInclude>
    <ClInclude Include="GameObject.h">
      <Filter>Header Files\Framework</Filter>
    </ClInclude>
    <ClInclude Include="Entity.h">
      <Filter>Header Files\Framework</Filter>
    </ClInclude>
    <ClInclude Include="Grid.h">
      <Filter>Header Files\Framework</Filter>
    </ClInclude>
    <ClInclude Include="Camera.h">
      <Filter>Header Files\Framework</Filter>
    </ClInclude>
    <ClInclude Include="Sprite.h">
      <Filter>Header Files\Framework</Filter>
    </ClInclude>
    <ClInclude Include="Device.h">
      <Filter>Header Files\Framework</Filter>
    </ClInclude>
    <ClInclude Include="Game.h">
      <Filter>Header Files\Framework</Filter>
    </ClInclude>
    <ClInclude Include="Pipeline.h">
      <Filter>Header Files\Framework</Filter>
    </ClInclude>
    <ClInclude Include="SceneManager.h">
      <Filter>Header Files\Framework</Filter>
    </ClInclude>
    <ClInclude Include="AnimatedSprite.h">
      <Filter>Header Files\Framework</Filter>
    </ClInclude>
    <ClInclude Include="Tile.h">
      <Filter>Header Files\Framework</Filter>
    </ClInclude>
    <ClInclude Include="EntityList.h">
      <Filter>Header Files\Framework</Filter>
    </ClInclude>
    <ClInclude Include="Background.h">
      <Filter>Header Files\Framework</Filter>
    </ClInclude>
    <ClInclude Include="Scene.h">
      <Filter>Header Files\Scene</Filter>
    </ClInclude>
    <ClInclude Include="Coin.h">
      <Filter>Header Files\Item</Filter>
    </ClInclude>
    <ClInclude Include="Flower.h">
      <Filter>Header Files\Item</Filter>
    </ClInclude>
    <ClInclude Include="BonusItem.h">
      <Filter>Header Files\Item</Filter>
    </ClInclude>
    <ClInclude Include="Leaf.h">
      <Filter>Header Files\Item</Filter>
    </ClInclude>
    <ClInclude Include="Mushroom.h">
      <Filter>Header Files\Item</Filter>
    </ClInclude>
    <ClInclude Include="Orb.h">
      <Filter>Header Files\Item</Filter>
    </ClInclude>
    <ClInclude Include="Star.h">
      <Filter>Header Files\Item</Filter>
    </ClInclude>
    <ClInclude Include="Fireball.h">
      <Filter>Header Files</Filter>
    </ClInclude>
    <ClInclude Include="Goomba.h">
      <Filter>Header Files\Monster</Filter>
    </ClInclude>
    <ClInclude Include="QuestionBlock.h">
      <Filter>Header Files\Block</Filter>
    </ClInclude>
    <ClInclude Include="BrickDebris.h">
      <Filter>Header Files\Effect</Filter>
    </ClInclude>
    <ClInclude Include="ShinyBrick.h">
      <Filter>Header Files\Block</Filter>
    </ClInclude>
    <ClInclude Include="PBlock.h">
      <Filter>Header Files\Block</Filter>
    </ClInclude>
    <ClInclude Include="OrbEffect.h">
      <Filter>Header Files\Effect</Filter>
    </ClInclude>
    <ClInclude Include="Paragoomba.h">
      <Filter>Header Files\Monster</Filter>
    </ClInclude>
    <ClInclude Include="Koopa.h">
      <Filter>Header Files\Monster</Filter>
    </ClInclude>
    <ClInclude Include="Parakoopa.h">
      <Filter>Header Files\Monster</Filter>
    </ClInclude>
    <ClInclude Include="PiranaPlant.h">
      <Filter>Header Files\Monster</Filter>
    </ClInclude>
    <ClInclude Include="VenusPlant.h">
      <Filter>Header Files\Monster</Filter>
    </ClInclude>
    <ClInclude Include="Tail.h">
      <Filter>Header Files\Character</Filter>
    </ClInclude>
    <ClInclude Include="Portal.h">
      <Filter>Header Files\Block</Filter>
    </ClInclude>
    <ClInclude Include="Trigger.h">
      <Filter>Header Files\Block</Filter>
    </ClInclude>
    <ClInclude Include="MaskTile.h">
      <Filter>Header Files\Block</Filter>
    </ClInclude>
    <ClInclude Include="Player.h">
      <Filter>Header Files\Character</Filter>
    </ClInclude>
    <ClInclude Include="PlayerState.h">
      <Filter>Header Files\Character\State</Filter>
    </ClInclude>
    <ClInclude Include="IdleState.h">
      <Filter>Header Files\Character\State</Filter>
    </ClInclude>
    <ClInclude Include="MapState.h">
      <Filter>Header Files\Character\State</Filter>
    </ClInclude>
    <ClInclude Include="RunState.h">
      <Filter>Header Files\Character\State</Filter>
    </ClInclude>
    <ClInclude Include="JumpState.h">
      <Filter>Header Files\Character\State</Filter>
    </ClInclude>
    <ClInclude Include="FallState.h">
      <Filter>Header Files\Character\State</Filter>
    </ClInclude>
    <ClInclude Include="CrouchState.h">
      <Filter>Header Files\Character\State</Filter>
    </ClInclude>
    <ClInclude Include="ThrowState.h">
      <Filter>Header Files\Character\State</Filter>
    </ClInclude>
    <ClInclude Include="WagState.h">
      <Filter>Header Files\Character\State</Filter>
    </ClInclude>
    <ClInclude Include="ScenePlay.h">
      <Filter>Header Files\Scene</Filter>
    </ClInclude>
    <ClInclude Include="HUD.h">
      <Filter>Header Files\Character</Filter>
    </ClInclude>
    <ClInclude Include="ScorePopUp.h">
      <Filter>Header Files\Character</Filter>
    </ClInclude>
  </ItemGroup>
</Project>